
Microsoft Visual Studio Solution File, Format Version 12.00
# Visual Studio Version 16
VisualStudioVersion = 16.0.29609.76
MinimumVisualStudioVersion = 10.0.40219.1
Project("{FAE04EC0-301F-11D3-BF4B-00C04F79EFBC}") = "PowerWorshipVSTO", "PowerWorshipVSTO\PowerWorshipVSTO.csproj", "{0094F931-275E-4B27-8843-08672EDE0224}"
EndProject
Project("{930C7802-8A8C-48F9-8165-68863BCCD9DD}") = "PowerWorshipSetup", "PowerWorshipSetup\PowerWorshipSetup.wixproj", "{6899B59E-171F-4984-8FD8-1718B5ECF54E}"
EndProject
Global
	GlobalSection(SolutionConfigurationPlatforms) = preSolution
		Debug|Any CPU = Debug|Any CPU
		Debug|x86 = Debug|x86
		Release|Any CPU = Release|Any CPU
		Release|x86 = Release|x86
	EndGlobalSection
	GlobalSection(ProjectConfigurationPlatforms) = postSolution
		{0094F931-275E-4B27-8843-08672EDE0224}.Debug|Any CPU.ActiveCfg = Debug|Any CPU
		{0094F931-275E-4B27-8843-08672EDE0224}.Debug|Any CPU.Build.0 = Debug|Any CPU
		{0094F931-275E-4B27-8843-08672EDE0224}.Debug|x86.ActiveCfg = Debug|Any CPU
		{0094F931-275E-4B27-8843-08672EDE0224}.Debug|x86.Build.0 = Debug|Any CPU
		{0094F931-275E-4B27-8843-08672EDE0224}.Release|Any CPU.ActiveCfg = Release|Any CPU
		{0094F931-275E-4B27-8843-08672EDE0224}.Release|Any CPU.Build.0 = Release|Any CPU
		{0094F931-275E-4B27-8843-08672EDE0224}.Release|x86.ActiveCfg = Release|Any CPU
		{0094F931-275E-4B27-8843-08672EDE0224}.Release|x86.Build.0 = Release|Any CPU
		{6899B59E-171F-4984-8FD8-1718B5ECF54E}.Debug|Any CPU.ActiveCfg = Debug|x86
		{6899B59E-171F-4984-8FD8-1718B5ECF54E}.Debug|x86.ActiveCfg = Debug|x86
		{6899B59E-171F-4984-8FD8-1718B5ECF54E}.Debug|x86.Build.0 = Debug|x86
		{6899B59E-171F-4984-8FD8-1718B5ECF54E}.Release|Any CPU.ActiveCfg = Release|x86
		{6899B59E-171F-4984-8FD8-1718B5ECF54E}.Release|x86.ActiveCfg = Release|x86
		{6899B59E-171F-4984-8FD8-1718B5ECF54E}.Release|x86.Build.0 = Release|x86
	EndGlobalSection
	GlobalSection(SolutionProperties) = preSolution
		HideSolutionNode = FALSE
	EndGlobalSection
	GlobalSection(ExtensibilityGlobals) = postSolution
		SolutionGuid = {A7703F75-7304-4AD8-B69A-E9A73BB4AB86}
	EndGlobalSection
EndGlobal
